
Microsoft Visual Studio Solution File, Format Version 12.00
# Visual Studio Version 17
VisualStudioVersion = 17.7.34024.191
MinimumVisualStudioVersion = 10.0.40219.1
Project("{FAE04EC0-301F-11D3-BF4B-00C04F79EFBC}") = "Weekly mini projekt week 38", "Weekly mini projekt week 38\Weekly mini projekt week 38.csproj", "{9F898107-08A1-4991-B8E2-5FB3B9223F83}"
EndProject
Global
	GlobalSection(SolutionConfigurationPlatforms) = preSolution
		Debug|Any CPU = Debug|Any CPU
		Release|Any CPU = Release|Any CPU
	EndGlobalSection
	GlobalSection(ProjectConfigurationPlatforms) = postSolution
		{9F898107-08A1-4991-B8E2-5FB3B9223F83}.Debug|Any CPU.ActiveCfg = Debug|Any CPU
		{9F898107-08A1-4991-B8E2-5FB3B9223F83}.Debug|Any CPU.Build.0 = Debug|Any CPU
		{9F898107-08A1-4991-B8E2-5FB3B9223F83}.Release|Any CPU.ActiveCfg = Release|Any CPU
		{9F898107-08A1-4991-B8E2-5FB3B9223F83}.Release|Any CPU.Build.0 = Release|Any CPU
	EndGlobalSection
	GlobalSection(SolutionProperties) = preSolution
		HideSolutionNode = FALSE
	EndGlobalSection
	GlobalSection(ExtensibilityGlobals) = postSolution
		SolutionGuid = {65884408-B974-497C-ACBD-5C68492B22A5}
	EndGlobalSection
EndGlobal
